
Microsoft Visual Studio Solution File, Format Version 12.00
# Visual Studio Version 17
VisualStudioVersion = 17.11.35327.3
MinimumVisualStudioVersion = 10.0.40219.1
Project("{FAE04EC0-301F-11D3-BF4B-00C04F79EFBC}") = "webapp", "webapp\webapp.csproj", "{F598F5EB-577C-4FA6-879C-EFC50378CB42}"
EndProject
Global
	GlobalSection(SolutionConfigurationPlatforms) = preSolution
		Debug|Any CPU = Debug|Any CPU
		Release|Any CPU = Release|Any CPU
	EndGlobalSection
	GlobalSection(ProjectConfigurationPlatforms) = postSolution
		{F598F5EB-577C-4FA6-879C-EFC50378CB42}.Debug|Any CPU.ActiveCfg = Debug|Any CPU
		{F598F5EB-577C-4FA6-879C-EFC50378CB42}.Debug|Any CPU.Build.0 = Debug|Any CPU
		{F598F5EB-577C-4FA6-879C-EFC50378CB42}.Release|Any CPU.ActiveCfg = Release|Any CPU
		{F598F5EB-577C-4FA6-879C-EFC50378CB42}.Release|Any CPU.Build.0 = Release|Any CPU
	EndGlobalSection
	GlobalSection(SolutionProperties) = preSolution
		HideSolutionNode = FALSE
	EndGlobalSection
	GlobalSection(ExtensibilityGlobals) = postSolution
		SolutionGuid = {02A1947A-C12A-489D-87A4-3E16F5C852C5}
	EndGlobalSection
EndGlobal
